{
  "meteor": {},
  "dependencies": {
    "basePackages": {
      "videojs": {},
      "less-bootstrap-3": {},
      "font-awesome": {}
    },
    "packages": {
      "videojs": {
        "git": "https://github.com/nate-strauser/meteor-video-js.git",
        "tag": "v4.1.2",
        "commit": "26b85c5c75d456556bf1a1c5f00264a834813e73"
      },
      "less-bootstrap-3": {
        "git": "https://github.com/DerMambo/less-bootstrap-3.git",
        "tag": "v0.0.2",
        "commit": "b5010b2ff9e9ae6b0e6e13eb0f6c81c9cb84373e"
      },
      "font-awesome": {
        "git": "https://github.com/nate-strauser/meteor-font-awesome.git",
        "tag": "v4.1.0",
        "commit": "ce6b1e92715d1938babc5d69c655c17e387f5926"
      }
    }
  }
}
